// !$*UTF8*$!
{
	archiveVersion = 1;
	classes = {
	};
	objectVersion = 46;
	objects = {

/* Begin PBXBuildFile section */
		04DF8A8819B18F0A008C635C /* main.m in Sources */ = {isa = PBXBuildFile; fileRef = 04DF8A8719B18F0A008C635C /* main.m */; };
		04DF8A8B19B18F0A008C635C /* AppDelegate.m in Sources */ = {isa = PBXBuildFile; fileRef = 04DF8A8A19B18F0A008C635C /* AppDelegate.m */; };
		04DF8A8E19B18F0A008C635C /* ViewController.m in Sources */ = {isa = PBXBuildFile; fileRef = 04DF8A8D19B18F0A008C635C /* ViewController.m */; };
		04DF8A9119B18F0A008C635C /* Main.storyboard in Resources */ = {isa = PBXBuildFile; fileRef = 04DF8A8F19B18F0A008C635C /* Main.storyboard */; };
		04DF8A9319B18F0A008C635C /* Images.xcassets in Resources */ = {isa = PBXBuildFile; fileRef = 04DF8A9219B18F0A008C635C /* Images.xcassets */; };
		04DF8A9F19B18F0A008C635C /* Git1Tests.m in Sources */ = {isa = PBXBuildFile; fileRef = 04DF8A9E19B18F0A008C635C /* Git1Tests.m */; };
/* End PBXBuildFile section */

/* Begin PBXContainerItemProxy section */
		04DF8A9919B18F0A008C635C /* PBXContainerItemProxy */ = {
			isa = PBXContainerItemProxy;
			containerPortal = 04DF8A7A19B18F0A008C635C /* Project object */;
			proxyType = 1;
			remoteGlobalIDString = 04DF8A8119B18F0A008C635C;
			remoteInfo = Git1;
		};
/* End PBXContainerItemProxy section */

/* Begin PBXFileReference section */
		04DF8A8219B18F0A008C635C /* Git1.app */ = {isa = PBXFileReference; explicitFileType = wrapper.application; includeInIndex = 0; path = Git1.app; sourceTree = BUILT_PRODUCTS_DIR; };
		04DF8A8619B18F0A008C635C /* Info.plist */ = {isa = PBXFileReference; lastKnownFileType = text.plist.xml; path = Info.plist; sourceTree = "<group>"; };
		04DF8A8719B18F0A008C635C /* main.m */ = {isa = PBXFileReference; lastKnownFileType = sourcecode.c.objc; path = main.m; sourceTree = "<group>"; };
		04DF8A8919B18F0A008C635C /* AppDelegate.h */ = {isa = PBXFileReference; lastKnownFileType = sourcecode.c.h; path = AppDelegate.h; sourceTree = "<group>"; };
		04DF8A8A19B18F0A008C635C /* AppDelegate.m */ = {isa = PBXFileReference; lastKnownFileType = sourcecode.c.objc; path = AppDelegate.m; sourceTree = "<group>"; };
		04DF8A8C19B18F0A008C635C /* ViewController.h */ = {isa = PBXFileReference; lastKnownFileType = sourcecode.c.h; path = ViewController.h; sourceTree = "<group>"; };
		04DF8A8D19B18F0A008C635C /* ViewController.m */ = {isa = PBXFileReference; lastKnownFileType = sourcecode.c.objc; path = ViewController.m; sourceTree = "<group>"; };
		04DF8A9019B18F0A008C635C /* Base */ = {isa = PBXFileReference; lastKnownFileType = file.storyboard; name = Base; path = Base.lproj/Main.storyboard; sourceTree = "<group>"; };
		04DF8A9219B18F0A008C635C /* Images.xcassets */ = {isa = PBXFileReference; lastKnownFileType = folder.assetcatalog; path = Images.xcassets; sourceTree = "<group>"; };
		04DF8A9819B18F0A008C635C /* Git1Tests.xctest */ = {isa = PBXFileReference; explicitFileType = wrapper.cfbundle; includeInIndex = 0; path = Git1Tests.xctest; sourceTree = BUILT_PRODUCTS_DIR; };
		04DF8A9D19B18F0A008C635C /* Info.plist */ = {isa = PBXFileReference; lastKnownFileType = text.plist.xml; path = Info.plist; sourceTree = "<group>"; };
		04DF8A9E19B18F0A008C635C /* Git1Tests.m */ = {isa = PBXFileReference; lastKnownFileType = sourcecode.c.objc; path = Git1Tests.m; sourceTree = "<group>"; };
/* End PBXFileReference section */

/* Begin PBXFrameworksBuildPhase section */
		04DF8A7F19B18F0A008C635C /* Frameworks */ = {
			isa = PBXFrameworksBuildPhase;
			buildActionMask = 2147483647;
			files = (
			);
			runOnlyForDeploymentPostprocessing = 0;
		};
		04DF8A9519B18F0A008C635C /* Frameworks */ = {
			isa = PBXFrameworksBuildPhase;
			buildActionMask = 2147483647;
			files = (
			);
			runOnlyForDeploymentPostprocessing = 0;
		};
/* End PBXFrameworksBuildPhase section */

/* Begin PBXGroup section */
		04DF8A7919B18F0A008C635C = {
			isa = PBXGroup;
			children = (
				04DF8A8419B18F0A008C635C /* Git1 */,
				04DF8A9B19B18F0A008C635C /* Git1Tests */,
				04DF8A8319B18F0A008C635C /* Products */,
			);
			sourceTree = "<group>";
		};
		04DF8A8319B18F0A008C635C /* Products */ = {
			isa = PBXGroup;
			children = (
				04DF8A8219B18F0A008C635C /* Git1.app */,
				04DF8A9819B18F0A008C635C /* Git1Tests.xctest */,
			);
			name = Products;
			sourceTree = "<group>";
		};
		04DF8A8419B18F0A008C635C /* Git1 */ = {
			isa = PBXGroup;
			children = (
				04DF8A8919B18F0A008C635C /* AppDelegate.h */,
				04DF8A8A19B18F0A008C635C /* AppDelegate.m */,
				04DF8A8C19B18F0A008C635C /* ViewController.h */,
				04DF8A8D19B18F0A008C635C /* ViewController.m */,
				04DF8A8F19B18F0A008C635C /* Main.storyboard */,
				04DF8A9219B18F0A008C635C /* Images.xcassets */,
				04DF8A8519B18F0A008C635C /* Supporting Files */,
			);
			path = Git1;
			sourceTree = "<group>";
		};
		04DF8A8519B18F0A008C635C /* Supporting Files */ = {
			isa = PBXGroup;
			children = (
				04DF8A8619B18F0A008C635C /* Info.plist */,
				04DF8A8719B18F0A008C635C /* main.m */,
			);
			name = "Supporting Files";
			sourceTree = "<group>";
		};
		04DF8A9B19B18F0A008C635C /* Git1Tests */ = {
			isa = PBXGroup;
			children = (
				04DF8A9E19B18F0A008C635C /* Git1Tests.m */,
				04DF8A9C19B18F0A008C635C /* Supporting Files */,
			);
			path = Git1Tests;
			sourceTree = "<group>";
		};
		04DF8A9C19B18F0A008C635C /* Supporting Files */ = {
			isa = PBXGroup;
			children = (
				04DF8A9D19B18F0A008C635C /* Info.plist */,
			);
			name = "Supporting Files";
			sourceTree = "<group>";
		};
/* End PBXGroup section */

/* Begin PBXNativeTarget section */
		04DF8A8119B18F0A008C635C /* Git1 */ = {
			isa = PBXNativeTarget;
			buildConfigurationList = 04DF8AA219B18F0A008C635C /* Build configuration list for PBXNativeTarget "Git1" */;
			buildPhases = (
				04DF8A7E19B18F0A008C635C /* Sources */,
				04DF8A7F19B18F0A008C635C /* Frameworks */,
				04DF8A8019B18F0A008C635C /* Resources */,
			);
			buildRules = (
			);
			dependencies = (
			);
			name = Git1;
			productName = Git1;
			productReference = 04DF8A8219B18F0A008C635C /* Git1.app */;
			productType = "com.apple.product-type.application";
		};
		04DF8A9719B18F0A008C635C /* Git1Tests */ = {
			isa = PBXNativeTarget;
			buildConfigurationList = 04DF8AA519B18F0A008C635C /* Build configuration list for PBXNativeTarget "Git1Tests" */;
			buildPhases = (
				04DF8A9419B18F0A008C635C /* Sources */,
				04DF8A9519B18F0A008C635C /* Frameworks */,
				04DF8A9619B18F0A008C635C /* Resources */,
			);
			buildRules = (
			);
			dependencies = (
				04DF8A9A19B18F0A008C635C /* PBXTargetDependency */,
			);
			name = Git1Tests;
			productName = Git1Tests;
			productReference = 04DF8A9819B18F0A008C635C /* Git1Tests.xctest */;
			productType = "com.apple.product-type.bundle.unit-test";
		};
/* End PBXNativeTarget section */

/* Begin PBXProject section */
		04DF8A7A19B18F0A008C635C /* Project object */ = {
			isa = PBXProject;
			attributes = {
				LastUpgradeCheck = 0600;
				ORGANIZATIONNAME = "Playwork Co.,Ltd.";
				TargetAttributes = {
					04DF8A8119B18F0A008C635C = {
						CreatedOnToolsVersion = 6.0;
					};
					04DF8A9719B18F0A008C635C = {
						CreatedOnToolsVersion = 6.0;
						TestTargetID = 04DF8A8119B18F0A008C635C;
					};
				};
			};
			buildConfigurationList = 04DF8A7D19B18F0A008C635C /* Build configuration list for PBXProject "Git1" */;
			compatibilityVersion = "Xcode 3.2";
			developmentRegion = English;
			hasScannedForEncodings = 0;
			knownRegions = (
				en,
				Base,
			);
			mainGroup = 04DF8A7919B18F0A008C635C;
			productRefGroup = 04DF8A8319B18F0A008C635C /* Products */;
			projectDirPath = "";
			projectRoot = "";
			targets = (
				04DF8A8119B18F0A008C635C /* Git1 */,
				04DF8A9719B18F0A008C635C /* Git1Tests */,
			);
		};
/* End PBXProject section */

/* Begin PBXResourcesBuildPhase section */
		04DF8A8019B18F0A008C635C /* Resources */ = {
			isa = PBXResourcesBuildPhase;
			buildActionMask = 2147483647;
			files = (
				04DF8A9119B18F0A008C635C /* Main.storyboard in Resources */,
				04DF8A9319B18F0A008C635C /* Images.xcassets in Resources */,
			);
			runOnlyForDeploymentPostprocessing = 0;
		};
		04DF8A9619B18F0A008C635C /* Resources */ = {
			isa = PBXResourcesBuildPhase;
			buildActionMask = 2147483647;
			files = (
			);
			runOnlyForDeploymentPostprocessing = 0;
		};
/* End PBXResourcesBuildPhase section */

/* Begin PBXSourcesBuildPhase section */
		04DF8A7E19B18F0A008C635C /* Sources */ = {
			isa = PBXSourcesBuildPhase;
			buildActionMask = 2147483647;
			files = (
				04DF8A8E19B18F0A008C635C /* ViewController.m in Sources */,
				04DF8A8B19B18F0A008C635C /* AppDelegate.m in Sources */,
				04DF8A8819B18F0A008C635C /* main.m in Sources */,
			);
			runOnlyForDeploymentPostprocessing = 0;
		};
		04DF8A9419B18F0A008C635C /* Sources */ = {
			isa = PBXSourcesBuildPhase;
			buildActionMask = 2147483647;
			files = (
				04DF8A9F19B18F0A008C635C /* Git1Tests.m in Sources */,
			);
			runOnlyForDeploymentPostprocessing = 0;
		};
/* End PBXSourcesBuildPhase section */

/* Begin PBXTargetDependency section */
		04DF8A9A19B18F0A008C635C /* PBXTargetDependency */ = {
			isa = PBXTargetDependency;
			target = 04DF8A8119B18F0A008C635C /* Git1 */;
			targetProxy = 04DF8A9919B18F0A008C635C /* PBXContainerItemProxy */;
		};
/* End PBXTargetDependency section */

/* Begin PBXVariantGroup section */
		04DF8A8F19B18F0A008C635C /* Main.storyboard */ = {
			isa = PBXVariantGroup;
			children = (
				04DF8A9019B18F0A008C635C /* Base */,
			);
			name = Main.storyboard;
			sourceTree = "<group>";
		};
/* End PBXVariantGroup section */

/* Begin XCBuildConfiguration section */
		04DF8AA019B18F0A008C635C /* Debug */ = {
			isa = XCBuildConfiguration;
			buildSettings = {
				ALWAYS_SEARCH_USER_PATHS = NO;
				CLANG_CXX_LANGUAGE_STANDARD = "gnu++0x";
				CLANG_CXX_LIBRARY = "libc++";
				CLANG_ENABLE_MODULES = YES;
				CLANG_ENABLE_OBJC_ARC = YES;
				CLANG_WARN_BOOL_CONVERSION = YES;
				CLANG_WARN_CONSTANT_CONVERSION = YES;
				CLANG_WARN_DIRECT_OBJC_ISA_USAGE = YES_ERROR;
				CLANG_WARN_EMPTY_BODY = YES;
				CLANG_WARN_ENUM_CONVERSION = YES;
				CLANG_WARN_INT_CONVERSION = YES;
				CLANG_WARN_OBJC_ROOT_CLASS = YES_ERROR;
				CLANG_WARN_UNREACHABLE_CODE = YES;
				CLANG_WARN__DUPLICATE_METHOD_MATCH = YES;
				"CODE_SIGN_IDENTITY[sdk=iphoneos*]" = "iPhone Developer";
				COPY_PHASE_STRIP = NO;
				ENABLE_STRICT_OBJC_MSGSEND = YES;
				GCC_C_LANGUAGE_STANDARD = gnu99;
				GCC_DYNAMIC_NO_PIC = NO;
				GCC_OPTIMIZATION_LEVEL = 0;
				GCC_PREPROCESSOR_DEFINITIONS = (
					"DEBUG=1",
					"$(inherited)",
				);
				GCC_SYMBOLS_PRIVATE_EXTERN = NO;
				GCC_WARN_64_TO_32_BIT_CONVERSION = YES;
				GCC_WARN_ABOUT_RETURN_TYPE = YES_ERROR;
				GCC_WARN_UNDECLARED_SELECTOR = YES;
				GCC_WARN_UNINITIALIZED_AUTOS = YES_AGGRESSIVE;
				GCC_WARN_UNUSED_FUNCTION = YES;
				GCC_WARN_UNUSED_VARIABLE = YES;
				IPHONEOS_DEPLOYMENT_TARGET = 8.0;
				MTL_ENABLE_DEBUG_INFO = YES;
				ONLY_ACTIVE_ARCH = YES;
				SDKROOT = iphoneos;
			};
			name = Debug;
		};
		04DF8AA119B18F0A008C635C /* Release */ = {
			isa = XCBuildConfiguration;
			buildSettings = {
				ALWAYS_SEARCH_USER_PATHS = NO;
				CLANG_CXX_LANGUAGE_STANDARD = "gnu++0x";
				CLANG_CXX_LIBRARY = "libc++";
				CLANG_ENABLE_MODULES = YES;
				CLANG_ENABLE_OBJC_ARC = YES;
				CLANG_WARN_BOOL_CONVERSION = YES;
				CLANG_WARN_CONSTANT_CONVERSION = YES;
				CLANG_WARN_DIRECT_OBJC_ISA_USAGE = YES_ERROR;
				CLANG_WARN_EMPTY_BODY = YES;
				CLANG_WARN_ENUM_CONVERSION = YES;
				CLANG_WARN_INT_CONVERSION = YES;
				CLANG_WARN_OBJC_ROOT_CLASS = YES_ERROR;
				CLANG_WARN_UNREACHABLE_CODE = YES;
				CLANG_WARN__DUPLICATE_METHOD_MATCH = YES;
				"CODE_SIGN_IDENTITY[sdk=iphoneos*]" = "iPhone Developer";
				COPY_PHASE_STRIP = YES;
				ENABLE_NS_ASSERTIONS = NO;
				ENABLE_STRICT_OBJC_MSGSEND = YES;
				GCC_C_LANGUAGE_STANDARD = gnu99;
				GCC_WARN_64_TO_32_BIT_CONVERSION = YES;
				GCC_WARN_ABOUT_RETURN_TYPE = YES_ERROR;
				GCC_WARN_UNDECLARED_SELECTOR = YES;
				GCC_WARN_UNINITIALIZED_AUTOS = YES_AGGRESSIVE;
				GCC_WARN_UNUSED_FUNCTION = YES;
				GCC_WARN_UNUSED_VARIABLE = YES;
				IPHONEOS_DEPLOYMENT_TARGET = 8.0;
				MTL_ENABLE_DEBUG_INFO = NO;
				SDKROOT = iphoneos;
				VALIDATE_PRODUCT = YES;
			};
			name = Release;
		};
		04DF8AA319B18F0A008C635C /* Debug */ = {
			isa = XCBuildConfiguration;
			buildSettings = {
				ASSETCATALOG_COMPILER_APPICON_NAME = AppIcon;
				ASSETCATALOG_COMPILER_LAUNCHIMAGE_NAME = LaunchImage;
				INFOPLIST_FILE = Git1/Info.plist;
				LD_RUNPATH_SEARCH_PATHS = "$(inherited) @executable_path/Frameworks";
				PRODUCT_NAME = "$(TARGET_NAME)";
			};
			name = Debug;
		};
		04DF8AA419B18F0A008C635C /* Release */ = {
			isa = XCBuildConfiguration;
			buildSettings = {
				ASSETCATALOG_COMPILER_APPICON_NAME = AppIcon;
				ASSETCATALOG_COMPILER_LAUNCHIMAGE_NAME = LaunchImage;
				INFOPLIST_FILE = Git1/Info.plist;
				LD_RUNPATH_SEARCH_PATHS = "$(inherited) @executable_path/Frameworks";
				PRODUCT_NAME = "$(TARGET_NAME)";
			};
			name = Release;
		};
		04DF8AA619B18F0A008C635C /* Debug */ = {
			isa = XCBuildConfiguration;
			buildSettings = {
				BUNDLE_LOADER = "$(TEST_HOST)";
				FRAMEWORK_SEARCH_PATHS = (
					"$(SDKROOT)/Developer/Library/Frameworks",
					"$(inherited)",
				);
				GCC_PREPROCESSOR_DEFINITIONS = (
					"DEBUG=1",
					"$(inherited)",
				);
				INFOPLIST_FILE = Git1Tests/Info.plist;
				LD_RUNPATH_SEARCH_PATHS = "$(inherited) @executable_path/Frameworks @loader_path/Frameworks";
				PRODUCT_NAME = "$(TARGET_NAME)";
				TEST_HOST = "$(BUILT_PRODUCTS_DIR)/Git1.app/Git1";
			};
			name = Debug;
		};
		04DF8AA719B18F0A008C635C /* Release */ = {
			isa = XCBuildConfiguration;
			buildSettings = {
				BUNDLE_LOADER = "$(TEST_HOST)";
				FRAMEWORK_SEARCH_PATHS = (
					"$(SDKROOT)/Developer/Library/Frameworks",
					"$(inherited)",
				);
				INFOPLIST_FILE = Git1Tests/Info.plist;
				LD_RUNPATH_SEARCH_PATHS = "$(inherited) @executable_path/Frameworks @loader_path/Frameworks";
				PRODUCT_NAME = "$(TARGET_NAME)";
				TEST_HOST = "$(BUILT_PRODUCTS_DIR)/Git1.app/Git1";
			};
			name = Release;
		};
/* End XCBuildConfiguration section */

/* Begin XCConfigurationList section */
		04DF8A7D19B18F0A008C635C /* Build configuration list for PBXProject "Git1" */ = {
			isa = XCConfigurationList;
			buildConfigurations = (
				04DF8AA019B18F0A008C635C /* Debug */,
				04DF8AA119B18F0A008C635C /* Release */,
			);
			defaultConfigurationIsVisible = 0;
			defaultConfigurationName = Release;
		};
		04DF8AA219B18F0A008C635C /* Build configuration list for PBXNativeTarget "Git1" */ = {
			isa = XCConfigurationList;
			buildConfigurations = (
				04DF8AA319B18F0A008C635C /* Debug */,
				04DF8AA419B18F0A008C635C /* Release */,
			);
			defaultConfigurationIsVisible = 0;
		};
		04DF8AA519B18F0A008C635C /* Build configuration list for PBXNativeTarget "Git1Tests" */ = {
			isa = XCConfigurationList;
			buildConfigurations = (
				04DF8AA619B18F0A008C635C /* Debug */,
				04DF8AA719B18F0A008C635C /* Release */,
			);
			defaultConfigurationIsVisible = 0;
		};
/* End XCConfigurationList section */
	};
	rootObject = 04DF8A7A19B18F0A008C635C /* Project object */;
}
